
Microsoft Visual Studio Solution File, Format Version 12.00
# Visual Studio 15
VisualStudioVersion = 15.0.26124.0
MinimumVisualStudioVersion = 15.0.26124.0
Project("{FAE04EC0-301F-11D3-BF4B-00C04F79EFBC}") = "Application", "Application\Application.csproj", "{84F9887C-9389-40BA-B05F-8C7C531A4A73}"
EndProject
Project("{FAE04EC0-301F-11D3-BF4B-00C04F79EFBC}") = "Domain", "Domain\Domain.csproj", "{1E484DBB-BCA8-48FC-909B-31D62399ABCB}"
EndProject
Project("{FAE04EC0-301F-11D3-BF4B-00C04F79EFBC}") = "Persistence", "Persistence\Persistence.csproj", "{D4EC620A-DA2E-4B3A-A9B7-D45EC7C8E699}"
EndProject
Project("{FAE04EC0-301F-11D3-BF4B-00C04F79EFBC}") = "API", "API\API.csproj", "{8EF7DF58-D376-47C8-B0A7-67F573D5C535}"
EndProject
Project("{FAE04EC0-301F-11D3-BF4B-00C04F79EFBC}") = "Infrastructure", "Infrastructure\Infrastructure.csproj", "{93229F81-3ABA-467F-A0A1-C157B76A15E1}"
EndProject
Global
	GlobalSection(SolutionConfigurationPlatforms) = preSolution
		Debug|Any CPU = Debug|Any CPU
		Debug|x64 = Debug|x64
		Debug|x86 = Debug|x86
		Release|Any CPU = Release|Any CPU
		Release|x64 = Release|x64
		Release|x86 = Release|x86
	EndGlobalSection
	GlobalSection(SolutionProperties) = preSolution
		HideSolutionNode = FALSE
	EndGlobalSection
	GlobalSection(ProjectConfigurationPlatforms) = postSolution
		{84F9887C-9389-40BA-B05F-8C7C531A4A73}.Debug|Any CPU.ActiveCfg = Debug|Any CPU
		{84F9887C-9389-40BA-B05F-8C7C531A4A73}.Debug|Any CPU.Build.0 = Debug|Any CPU
		{84F9887C-9389-40BA-B05F-8C7C531A4A73}.Debug|x64.ActiveCfg = Debug|Any CPU
		{84F9887C-9389-40BA-B05F-8C7C531A4A73}.Debug|x64.Build.0 = Debug|Any CPU
		{84F9887C-9389-40BA-B05F-8C7C531A4A73}.Debug|x86.ActiveCfg = Debug|Any CPU
		{84F9887C-9389-40BA-B05F-8C7C531A4A73}.Debug|x86.Build.0 = Debug|Any CPU
		{84F9887C-9389-40BA-B05F-8C7C531A4A73}.Release|Any CPU.ActiveCfg = Release|Any CPU
		{84F9887C-9389-40BA-B05F-8C7C531A4A73}.Release|Any CPU.Build.0 = Release|Any CPU
		{84F9887C-9389-40BA-B05F-8C7C531A4A73}.Release|x64.ActiveCfg = Release|Any CPU
		{84F9887C-9389-40BA-B05F-8C7C531A4A73}.Release|x64.Build.0 = Release|Any CPU
		{84F9887C-9389-40BA-B05F-8C7C531A4A73}.Release|x86.ActiveCfg = Release|Any CPU
		{84F9887C-9389-40BA-B05F-8C7C531A4A73}.Release|x86.Build.0 = Release|Any CPU
		{1E484DBB-BCA8-48FC-909B-31D62399ABCB}.Debug|Any CPU.ActiveCfg = Debug|Any CPU
		{1E484DBB-BCA8-48FC-909B-31D62399ABCB}.Debug|Any CPU.Build.0 = Debug|Any CPU
		{1E484DBB-BCA8-48FC-909B-31D62399ABCB}.Debug|x64.ActiveCfg = Debug|Any CPU
		{1E484DBB-BCA8-48FC-909B-31D62399ABCB}.Debug|x64.Build.0 = Debug|Any CPU
		{1E484DBB-BCA8-48FC-909B-31D62399ABCB}.Debug|x86.ActiveCfg = Debug|Any CPU
		{1E484DBB-BCA8-48FC-909B-31D62399ABCB}.Debug|x86.Build.0 = Debug|Any CPU
		{1E484DBB-BCA8-48FC-909B-31D62399ABCB}.Release|Any CPU.ActiveCfg = Release|Any CPU
		{1E484DBB-BCA8-48FC-909B-31D62399ABCB}.Release|Any CPU.Build.0 = Release|Any CPU
		{1E484DBB-BCA8-48FC-909B-31D62399ABCB}.Release|x64.ActiveCfg = Release|Any CPU
		{1E484DBB-BCA8-48FC-909B-31D62399ABCB}.Release|x64.Build.0 = Release|Any CPU
		{1E484DBB-BCA8-48FC-909B-31D62399ABCB}.Release|x86.ActiveCfg = Release|Any CPU
		{1E484DBB-BCA8-48FC-909B-31D62399ABCB}.Release|x86.Build.0 = Release|Any CPU
		{D4EC620A-DA2E-4B3A-A9B7-D45EC7C8E699}.Debug|Any CPU.ActiveCfg = Debug|Any CPU
		{D4EC620A-DA2E-4B3A-A9B7-D45EC7C8E699}.Debug|Any CPU.Build.0 = Debug|Any CPU
		{D4EC620A-DA2E-4B3A-A9B7-D45EC7C8E699}.Debug|x64.ActiveCfg = Debug|Any CPU
		{D4EC620A-DA2E-4B3A-A9B7-D45EC7C8E699}.Debug|x64.Build.0 = Debug|Any CPU
		{D4EC620A-DA2E-4B3A-A9B7-D45EC7C8E699}.Debug|x86.ActiveCfg = Debug|Any CPU
		{D4EC620A-DA2E-4B3A-A9B7-D45EC7C8E699}.Debug|x86.Build.0 = Debug|Any CPU
		{D4EC620A-DA2E-4B3A-A9B7-D45EC7C8E699}.Release|Any CPU.ActiveCfg = Release|Any CPU
		{D4EC620A-DA2E-4B3A-A9B7-D45EC7C8E699}.Release|Any CPU.Build.0 = Release|Any CPU
		{D4EC620A-DA2E-4B3A-A9B7-D45EC7C8E699}.Release|x64.ActiveCfg = Release|Any CPU
		{D4EC620A-DA2E-4B3A-A9B7-D45EC7C8E699}.Release|x64.Build.0 = Release|Any CPU
		{D4EC620A-DA2E-4B3A-A9B7-D45EC7C8E699}.Release|x86.ActiveCfg = Release|Any CPU
		{D4EC620A-DA2E-4B3A-A9B7-D45EC7C8E699}.Release|x86.Build.0 = Release|Any CPU
		{8EF7DF58-D376-47C8-B0A7-67F573D5C535}.Debug|Any CPU.ActiveCfg = Debug|Any CPU
		{8EF7DF58-D376-47C8-B0A7-67F573D5C535}.Debug|Any CPU.Build.0 = Debug|Any CPU
		{8EF7DF58-D376-47C8-B0A7-67F573D5C535}.Debug|x64.ActiveCfg = Debug|Any CPU
		{8EF7DF58-D376-47C8-B0A7-67F573D5C535}.Debug|x64.Build.0 = Debug|Any CPU
		{8EF7DF58-D376-47C8-B0A7-67F573D5C535}.Debug|x86.ActiveCfg = Debug|Any CPU
		{8EF7DF58-D376-47C8-B0A7-67F573D5C535}.Debug|x86.Build.0 = Debug|Any CPU
		{8EF7DF58-D376-47C8-B0A7-67F573D5C535}.Release|Any CPU.ActiveCfg = Release|Any CPU
		{8EF7DF58-D376-47C8-B0A7-67F573D5C535}.Release|Any CPU.Build.0 = Release|Any CPU
		{8EF7DF58-D376-47C8-B0A7-67F573D5C535}.Release|x64.ActiveCfg = Release|Any CPU
		{8EF7DF58-D376-47C8-B0A7-67F573D5C535}.Release|x64.Build.0 = Release|Any CPU
		{8EF7DF58-D376-47C8-B0A7-67F573D5C535}.Release|x86.ActiveCfg = Release|Any CPU
		{8EF7DF58-D376-47C8-B0A7-67F573D5C535}.Release|x86.Build.0 = Release|Any CPU
		{93229F81-3ABA-467F-A0A1-C157B76A15E1}.Debug|Any CPU.ActiveCfg = Debug|Any CPU
		{93229F81-3ABA-467F-A0A1-C157B76A15E1}.Debug|Any CPU.Build.0 = Debug|Any CPU
		{93229F81-3ABA-467F-A0A1-C157B76A15E1}.Debug|x64.ActiveCfg = Debug|Any CPU
		{93229F81-3ABA-467F-A0A1-C157B76A15E1}.Debug|x64.Build.0 = Debug|Any CPU
		{93229F81-3ABA-467F-A0A1-C157B76A15E1}.Debug|x86.ActiveCfg = Debug|Any CPU
		{93229F81-3ABA-467F-A0A1-C157B76A15E1}.Debug|x86.Build.0 = Debug|Any CPU
		{93229F81-3ABA-467F-A0A1-C157B76A15E1}.Release|Any CPU.ActiveCfg = Release|Any CPU
		{93229F81-3ABA-467F-A0A1-C157B76A15E1}.Release|Any CPU.Build.0 = Release|Any CPU
		{93229F81-3ABA-467F-A0A1-C157B76A15E1}.Release|x64.ActiveCfg = Release|Any CPU
		{93229F81-3ABA-467F-A0A1-C157B76A15E1}.Release|x64.Build.0 = Release|Any CPU
		{93229F81-3ABA-467F-A0A1-C157B76A15E1}.Release|x86.ActiveCfg = Release|Any CPU
		{93229F81-3ABA-467F-A0A1-C157B76A15E1}.Release|x86.Build.0 = Release|Any CPU
	EndGlobalSection
EndGlobal
